// !$*UTF8*$!
{
	archiveVersion = 1;
	classes = {
	};
	objectVersion = 55;
	objects = {

/* Begin PBXBuildFile section */
		420247AF2840011300B7E52C /* log_small_sample.csv in Resources */ = {isa = PBXBuildFile; fileRef = 420247AD2840011300B7E52C /* log_small_sample.csv */; };
		420247B02840011300B7E52C /* log_small_sample_fixed.csv in Resources */ = {isa = PBXBuildFile; fileRef = 420247AE2840011300B7E52C /* log_small_sample_fixed.csv */; };
		4203FBC92905A503005B0530 /* ErrorManager.swift in Sources */ = {isa = PBXBuildFile; fileRef = 4203FBC82905A503005B0530 /* ErrorManager.swift */; };
		4203FBCB2905AF22005B0530 /* AvionicsSystem.swift in Sources */ = {isa = PBXBuildFile; fileRef = 4203FBCA2905AF22005B0530 /* AvionicsSystem.swift */; };
		4203FBD02905B0D2005B0530 /* rpt_220620_134709_N122DR.csv in Resources */ = {isa = PBXBuildFile; fileRef = 4203FBCD2905B0C8005B0530 /* rpt_220620_134709_N122DR.csv */; };
		4203FBD12905B0D6005B0530 /* rpt_220706_135400_N122DR.csv in Resources */ = {isa = PBXBuildFile; fileRef = 4203FBCC2905B0C8005B0530 /* rpt_220706_135400_N122DR.csv */; };
		4203FBD32905B0FE005B0530 /* TestAvionics.swift in Sources */ = {isa = PBXBuildFile; fileRef = 4203FBD22905B0FE005B0530 /* TestAvionics.swift */; };
		4204FCAA2855F6BF006D753F /* FlightSummaryFuelDataSource.swift in Sources */ = {isa = PBXBuildFile; fileRef = 4204FCA92855F6BF006D753F /* FlightSummaryFuelDataSource.swift */; };
		4204FCAC2855FF6C006D753F /* FlightSummaryTimeDataSource.swift in Sources */ = {isa = PBXBuildFile; fileRef = 4204FCAB2855FF6C006D753F /* FlightSummaryTimeDataSource.swift */; };
		4209D85F2860DDF000B79A07 /* FlightLogViewModel.swift in Sources */ = {isa = PBXBuildFile; fileRef = 4209D85E2860DDF000B79A07 /* FlightLogViewModel.swift */; };
		4209D8612860F4A600B79A07 /* LogDetailTabBarController.swift in Sources */ = {isa = PBXBuildFile; fileRef = 4209D8602860F4A600B79A07 /* LogDetailTabBarController.swift */; };
		4209D864286187CB00B79A07 /* LogFuelAnalysisViewController.swift in Sources */ = {isa = PBXBuildFile; fileRef = 4209D863286187CB00B79A07 /* LogFuelAnalysisViewController.swift */; };
		4209D8662861881300B79A07 /* LogGraphsViewController.swift in Sources */ = {isa = PBXBuildFile; fileRef = 4209D8652861881300B79A07 /* LogGraphsViewController.swift */; };
		421E086A2864455000D7D174 /* FuelAnalysisDataSource.swift in Sources */ = {isa = PBXBuildFile; fileRef = 421E08692864455000D7D174 /* FuelAnalysisDataSource.swift */; };
		4239290D2864D08800CD33C0 /* Aircraft.swift in Sources */ = {isa = PBXBuildFile; fileRef = 4239290C2864D08800CD33C0 /* Aircraft.swift */; };
		4239290F2864D0AF00CD33C0 /* FuelAnalysis.swift in Sources */ = {isa = PBXBuildFile; fileRef = 4239290E2864D0AF00CD33C0 /* FuelAnalysis.swift */; };
		423929112864D58800CD33C0 /* TestAnalysis.swift in Sources */ = {isa = PBXBuildFile; fileRef = 423929102864D58800CD33C0 /* TestAnalysis.swift */; };
		423EF3532872E78900EA7415 /* SettingsViewController.swift in Sources */ = {isa = PBXBuildFile; fileRef = 423EF3522872E78900EA7415 /* SettingsViewController.swift */; };
		4240B6BB28A94E7C004D4F40 /* CalendarStatsViewController.swift in Sources */ = {isa = PBXBuildFile; fileRef = 4240B6BA28A94E7C004D4F40 /* CalendarStatsViewController.swift */; };
		42478A5128153EF300212BF2 /* Log.swift in Sources */ = {isa = PBXBuildFile; fileRef = 42478A5028153EF300212BF2 /* Log.swift */; };
		425A8DE2287094BD002DCB0C /* FlightFuelRecord.swift in Sources */ = {isa = PBXBuildFile; fileRef = 425A8DE1287094BD002DCB0C /* FlightFuelRecord.swift */; };
		425B3459289408D500548557 /* TableDataSource.swift in Sources */ = {isa = PBXBuildFile; fileRef = 425B3458289408D500548557 /* TableDataSource.swift */; };
		425B345B2894140800548557 /* ViewConfig.swift in Sources */ = {isa = PBXBuildFile; fileRef = 425B345A2894140800548557 /* ViewConfig.swift */; };
		425D04F72832F47B0028FD67 /* RZFlight in Frameworks */ = {isa = PBXBuildFile; productRef = 425D04F62832F47B0028FD67 /* RZFlight */; };
		425D04FA2832FCFE0028FD67 /* secrets.json in Resources */ = {isa = PBXBuildFile; fileRef = 425D04F92832FCFE0028FD67 /* secrets.json */; };
		425D04FD283451F30028FD67 /* airports.db in Resources */ = {isa = PBXBuildFile; fileRef = 425D04FB283451F30028FD67 /* airports.db */; };
		425D04FE283451F30028FD67 /* logFileFields.json in Resources */ = {isa = PBXBuildFile; fileRef = 425D04FC283451F30028FD67 /* logFileFields.json */; };
		425D05002834521C0028FD67 /* FlightLegsDataSource.swift in Sources */ = {isa = PBXBuildFile; fileRef = 425D04FF2834521C0028FD67 /* FlightLegsDataSource.swift */; };
		425D0502283452320028FD67 /* ValueStats.swift in Sources */ = {isa = PBXBuildFile; fileRef = 425D0501283452320028FD67 /* ValueStats.swift */; };
		425F4EDB2893288A00F691BD /* StatsTabBarController.swift in Sources */ = {isa = PBXBuildFile; fileRef = 425F4EDA2893288A00F691BD /* StatsTabBarController.swift */; };
		425F4EDD289328DC00F691BD /* TripsStatsViewController.swift in Sources */ = {isa = PBXBuildFile; fileRef = 425F4EDC289328DC00F691BD /* TripsStatsViewController.swift */; };
		42606A1C288DC57600AE858C /* RZNumberWithUnitCollectionViewCell.swift in Sources */ = {isa = PBXBuildFile; fileRef = 42606A1B288DC57600AE858C /* RZNumberWithUnitCollectionViewCell.swift */; };
		42606A1E288DC5A500AE858C /* RZNumberWithUnitView.swift in Sources */ = {isa = PBXBuildFile; fileRef = 42606A1D288DC5A500AE858C /* RZNumberWithUnitView.swift */; };
		42606A20288DE0A300AE858C /* FlightListDataSource.swift in Sources */ = {isa = PBXBuildFile; fileRef = 42606A1F288DE0A300AE858C /* FlightListDataSource.swift */; };
		42606A22288DE2FC00AE858C /* FlightSummary+Field.swift in Sources */ = {isa = PBXBuildFile; fileRef = 42606A21288DE2FC00AE858C /* FlightSummary+Field.swift */; };
		4264C230281D830000F40436 /* MainSplitViewController.swift in Sources */ = {isa = PBXBuildFile; fileRef = 4264C22F281D830000F40436 /* MainSplitViewController.swift */; };
		4264C232281D9A0700F40436 /* LogListTableViewCell.swift in Sources */ = {isa = PBXBuildFile; fileRef = 4264C231281D9A0700F40436 /* LogListTableViewCell.swift */; };
		4264C2342825B58F00F40436 /* Settings.swift in Sources */ = {isa = PBXBuildFile; fileRef = 4264C2332825B58F00F40436 /* Settings.swift */; };
		4264C23628267EDC00F40436 /* FlightLeg.swift in Sources */ = {isa = PBXBuildFile; fileRef = 4264C23528267EDC00F40436 /* FlightLeg.swift */; };
		4264C23828267F6600F40436 /* Waypoint.swift in Sources */ = {isa = PBXBuildFile; fileRef = 4264C23728267F6600F40436 /* Waypoint.swift */; };
		4264C23A2826858700F40436 /* FlightSummary.swift in Sources */ = {isa = PBXBuildFile; fileRef = 4264C2392826858700F40436 /* FlightSummary.swift */; };
		4264C23C282691EF00F40436 /* FuelQuantity.swift in Sources */ = {isa = PBXBuildFile; fileRef = 4264C23B282691EF00F40436 /* FuelQuantity.swift */; };
		4264C23E2826922C00F40436 /* TimeRange.swift in Sources */ = {isa = PBXBuildFile; fileRef = 4264C23D2826922C00F40436 /* TimeRange.swift */; };
		4268A0C428357E2600A3CB05 /* KnownAirports.swift in Sources */ = {isa = PBXBuildFile; fileRef = 4268A0C328357E2600A3CB05 /* KnownAirports.swift */; };
		4268A0C728357E6300A3CB05 /* KDTree in Frameworks */ = {isa = PBXBuildFile; productRef = 4268A0C628357E6300A3CB05 /* KDTree */; };
		4268A0C92842851900A3CB05 /* ProgressReport.swift in Sources */ = {isa = PBXBuildFile; fileRef = 4268A0C82842851900A3CB05 /* ProgressReport.swift */; };
		4280C885280D43E400A0FB32 /* Main.storyboard in Resources */ = {isa = PBXBuildFile; fileRef = 4280C883280D43E400A0FB32 /* Main.storyboard */; };
		4280C887280D43E500A0FB32 /* Assets.xcassets in Resources */ = {isa = PBXBuildFile; fileRef = 4280C886280D43E500A0FB32 /* Assets.xcassets */; };
		4280C88A280D43E500A0FB32 /* LaunchScreen.storyboard in Resources */ = {isa = PBXBuildFile; fileRef = 4280C888280D43E500A0FB32 /* LaunchScreen.storyboard */; };
		4280C89F280D43E500A0FB32 /* flightlog1000UITests.swift in Sources */ = {isa = PBXBuildFile; fileRef = 4280C89E280D43E500A0FB32 /* flightlog1000UITests.swift */; };
		4280C8A1280D43E500A0FB32 /* flightlog1000UITestsLaunchTests.swift in Sources */ = {isa = PBXBuildFile; fileRef = 4280C8A0280D43E500A0FB32 /* flightlog1000UITestsLaunchTests.swift */; };
		4280C8BB280D460600A0FB32 /* AppDelegate.swift in Sources */ = {isa = PBXBuildFile; fileRef = 4280C8B8280D460500A0FB32 /* AppDelegate.swift */; };
		4280C8BC280D460600A0FB32 /* LogListTableViewController.swift in Sources */ = {isa = PBXBuildFile; fileRef = 4280C8B9280D460500A0FB32 /* LogListTableViewController.swift */; };
		4280C8BD280D460600A0FB32 /* SceneDelegate.swift in Sources */ = {isa = PBXBuildFile; fileRef = 4280C8BA280D460600A0FB32 /* SceneDelegate.swift */; };
		4280C8C1280D467400A0FB32 /* FlightLogFile.swift in Sources */ = {isa = PBXBuildFile; fileRef = 4280C8BE280D467400A0FB32 /* FlightLogFile.swift */; };
		4280C8C2280D467400A0FB32 /* FlightLogFileList.swift in Sources */ = {isa = PBXBuildFile; fileRef = 4280C8BF280D467400A0FB32 /* FlightLogFileList.swift */; };
		4280C8C3280D467400A0FB32 /* FlightData.swift in Sources */ = {isa = PBXBuildFile; fileRef = 4280C8C0280D467400A0FB32 /* FlightData.swift */; };
		4280C8C8280D48E700A0FB32 /* log_210623_141501_TEST1.csv in Resources */ = {isa = PBXBuildFile; fileRef = 4280C8C7280D48E700A0FB32 /* log_210623_141501_TEST1.csv */; };
		4280C8CB280D4AD300A0FB32 /* RZUtils in Frameworks */ = {isa = PBXBuildFile; productRef = 4280C8CA280D4AD300A0FB32 /* RZUtils */; };
		4280C8CD280D4AD300A0FB32 /* RZUtilsSwift in Frameworks */ = {isa = PBXBuildFile; productRef = 4280C8CC280D4AD300A0FB32 /* RZUtilsSwift */; };
		4280C8CF280D4AD300A0FB32 /* RZUtilsUniversal in Frameworks */ = {isa = PBXBuildFile; productRef = 4280C8CE280D4AD300A0FB32 /* RZUtilsUniversal */; };
		4280C8D2280D4BE400A0FB32 /* RZUtilsTouch in Frameworks */ = {isa = PBXBuildFile; productRef = 4280C8D1280D4BE400A0FB32 /* RZUtilsTouch */; };
		4280C8D4280D4CA500A0FB32 /* LogDetailViewController.swift in Sources */ = {isa = PBXBuildFile; fileRef = 4280C8D3280D4CA500A0FB32 /* LogDetailViewController.swift */; };
		4280C8D7280D70CB00A0FB32 /* CloudKit.framework in Frameworks */ = {isa = PBXBuildFile; fileRef = 4280C8D6280D70CB00A0FB32 /* CloudKit.framework */; };
		429949D7282816A100CA1B89 /* DisplayContext.swift in Sources */ = {isa = PBXBuildFile; fileRef = 429949D6282816A100CA1B89 /* DisplayContext.swift */; };
		429949D9282A9F7C00CA1B89 /* TableCollectionViewCell.swift in Sources */ = {isa = PBXBuildFile; fileRef = 429949D8282A9F7C00CA1B89 /* TableCollectionViewCell.swift */; };
		429949DB282B40B300CA1B89 /* GCUnit+Logfile.swift in Sources */ = {isa = PBXBuildFile; fileRef = 429949DA282B40B300CA1B89 /* GCUnit+Logfile.swift */; };
		429949DE282C6AD300CA1B89 /* TableCollectionViewLayout.swift in Sources */ = {isa = PBXBuildFile; fileRef = 429949DD282C6AD300CA1B89 /* TableCollectionViewLayout.swift */; };
		42A11EA028E882E70031D209 /* OAuthSwift in Frameworks */ = {isa = PBXBuildFile; productRef = 42A11E9F28E882E70031D209 /* OAuthSwift */; };
		42A11EA328E883190031D209 /* FlyStoRequests.swift in Sources */ = {isa = PBXBuildFile; fileRef = 42A11EA228E883190031D209 /* FlyStoRequests.swift */; };
		42A11EA828FACD2C0031D209 /* ZIPFoundation in Frameworks */ = {isa = PBXBuildFile; productRef = 42A11EA728FACD2C0031D209 /* ZIPFoundation */; };
		42A11EAA28FAFD7C0031D209 /* FlightFlyStoStatus.swift in Sources */ = {isa = PBXBuildFile; fileRef = 42A11EA928FAFD7C0031D209 /* FlightFlyStoStatus.swift */; };
		42A20B522896F0CF00439880 /* Trips.swift in Sources */ = {isa = PBXBuildFile; fileRef = 42A20B512896F0CF00439880 /* Trips.swift */; };
		42A20B55289C577F00439880 /* Trip.swift in Sources */ = {isa = PBXBuildFile; fileRef = 42A20B54289C577F00439880 /* Trip.swift */; };
		42A20B57289D78D700439880 /* LogMapViewController.swift in Sources */ = {isa = PBXBuildFile; fileRef = 42A20B56289D78D700439880 /* LogMapViewController.swift */; };
		42A20B5A289D7D1500439880 /* FlightData+Map.swift in Sources */ = {isa = PBXBuildFile; fileRef = 42A20B59289D7D1500439880 /* FlightData+Map.swift */; };
		42A20B5C28A09F1100439880 /* ProgressReportOverlay.swift in Sources */ = {isa = PBXBuildFile; fileRef = 42A20B5B28A09F1100439880 /* ProgressReportOverlay.swift */; };
		42A7A0BF28154A2400DF4495 /* FlightLogFileInfo.swift in Sources */ = {isa = PBXBuildFile; fileRef = 42A7A0BE28154A2400DF4495 /* FlightLogFileInfo.swift */; };
		42A7A0C128155B0E00DF4495 /* DatesValuesByField.swift in Sources */ = {isa = PBXBuildFile; fileRef = 42A7A0C028155B0E00DF4495 /* DatesValuesByField.swift */; };
		42A7A0C32815898C00DF4495 /* FlightLogFile+Field.swift in Sources */ = {isa = PBXBuildFile; fileRef = 42A7A0C22815898C00DF4495 /* FlightLogFile+Field.swift */; };
		42B3843028609A3C009458CC /* FieldCalculations.swift in Sources */ = {isa = PBXBuildFile; fileRef = 42B3842F28609A3C009458CC /* FieldCalculations.swift */; };
		42B90997284D1F8100186FCD /* ProgressReportViewController.swift in Sources */ = {isa = PBXBuildFile; fileRef = 42B90996284D1F8100186FCD /* ProgressReportViewController.swift */; };
		42CEA370281C2F7400AB7B5F /* log_220417_135002_LFAQ.csv in Resources */ = {isa = PBXBuildFile; fileRef = 42CEA36C281C2F7400AB7B5F /* log_220417_135002_LFAQ.csv */; };
		42CEA371281C2F7400AB7B5F /* log_220417_125002_LFQA.csv in Resources */ = {isa = PBXBuildFile; fileRef = 42CEA36D281C2F7400AB7B5F /* log_220417_125002_LFQA.csv */; };
		42CEA372281C2F7400AB7B5F /* log_220416_161856_LFQA.csv in Resources */ = {isa = PBXBuildFile; fileRef = 42CEA36E281C2F7400AB7B5F /* log_220416_161856_LFQA.csv */; };
		42CEA373281C2F7400AB7B5F /* log_211204_102045_EGLL.csv in Resources */ = {isa = PBXBuildFile; fileRef = 42CEA36F281C2F7400AB7B5F /* log_211204_102045_EGLL.csv */; };
		42D154DB280DE413000A0BB9 /* FlightLogOrganizer.swift in Sources */ = {isa = PBXBuildFile; fileRef = 42D154DA280DE413000A0BB9 /* FlightLogOrganizer.swift */; };
		42DF535A28B6486700512C34 /* Visit.swift in Sources */ = {isa = PBXBuildFile; fileRef = 42DF535928B6486700512C34 /* Visit.swift */; };
		42E13B8E2813DBD200AF38AC /* FlightLogModel.xcdatamodeld in Sources */ = {isa = PBXBuildFile; fileRef = 42E13B8C2813DBD200AF38AC /* FlightLogModel.xcdatamodeld */; };
		42E83FEB283CB58E00869598 /* TestParsingLogFiles.swift in Sources */ = {isa = PBXBuildFile; fileRef = 42E83FEA283CB58E00869598 /* TestParsingLogFiles.swift */; };
		42E83FEE283CB5B000869598 /* BufferedStreamReader.swift in Sources */ = {isa = PBXBuildFile; fileRef = 42E83FEC283CB5A800869598 /* BufferedStreamReader.swift */; };
		42F1E848284A3C2E00DB732A /* TestParsingCsv.swift in Sources */ = {isa = PBXBuildFile; fileRef = 42F1E847284A3C2E00DB732A /* TestParsingCsv.swift */; };
		42F1E84C284A491600DB732A /* log_220502_095923______.csv in Resources */ = {isa = PBXBuildFile; fileRef = 42F1E849284A491600DB732A /* log_220502_095923______.csv */; };
		42F1E84D284A491600DB732A /* log_220414_065328______.csv in Resources */ = {isa = PBXBuildFile; fileRef = 42F1E84A284A491600DB732A /* log_220414_065328______.csv */; };
		42F1E84E284A491700DB732A /* log_220502_135932_EGPN.csv in Resources */ = {isa = PBXBuildFile; fileRef = 42F1E84B284A491600DB732A /* log_220502_135932_EGPN.csv */; };
		42F1E850284A4D2800DB732A /* TestOrganizer.swift in Sources */ = {isa = PBXBuildFile; fileRef = 42F1E84F284A4D2800DB732A /* TestOrganizer.swift */; };
/* End PBXBuildFile section */

/* Begin PBXContainerItemProxy section */
		4280C891280D43E500A0FB32 /* PBXContainerItemProxy */ = {
			isa = PBXContainerItemProxy;
			containerPortal = 4280C872280D43E400A0FB32 /* Project object */;
			proxyType = 1;
			remoteGlobalIDString = 4280C879280D43E400A0FB32;
			remoteInfo = flightlog1000;
		};
		4280C89B280D43E500A0FB32 /* PBXContainerItemProxy */ = {
			isa = PBXContainerItemProxy;
			containerPortal = 4280C872280D43E400A0FB32 /* Project object */;
			proxyType = 1;
			remoteGlobalIDString = 4280C879280D43E400A0FB32;
			remoteInfo = flightlog1000;
		};
/* End PBXContainerItemProxy section */

/* Begin PBXFileReference section */
		420247AD2840011300B7E52C /* log_small_sample.csv */ = {isa = PBXFileReference; fileEncoding = 4; lastKnownFileType = text; path = log_small_sample.csv; sourceTree = "<group>"; };
		420247AE2840011300B7E52C /* log_small_sample_fixed.csv */ = {isa = PBXFileReference; fileEncoding = 4; lastKnownFileType = text; path = log_small_sample_fixed.csv; sourceTree = "<group>"; };
		4203FBC82905A503005B0530 /* ErrorManager.swift */ = {isa = PBXFileReference; lastKnownFileType = sourcecode.swift; name = ErrorManager.swift; path = Source/ErrorManager.swift; sourceTree = "<group>"; };
		4203FBCA2905AF22005B0530 /* AvionicsSystem.swift */ = {isa = PBXFileReference; lastKnownFileType = sourcecode.swift; name = AvionicsSystem.swift; path = Source/AvionicsSystem.swift; sourceTree = "<group>"; };
		4203FBCC2905B0C8005B0530 /* rpt_220706_135400_N122DR.csv */ = {isa = PBXFileReference; fileEncoding = 4; lastKnownFileType = text; path = rpt_220706_135400_N122DR.csv; sourceTree = "<group>"; };
		4203FBCD2905B0C8005B0530 /* rpt_220620_134709_N122DR.csv */ = {isa = PBXFileReference; fileEncoding = 4; lastKnownFileType = text; path = rpt_220620_134709_N122DR.csv; sourceTree = "<group>"; };
		4203FBD22905B0FE005B0530 /* TestAvionics.swift */ = {isa = PBXFileReference; lastKnownFileType = sourcecode.swift; path = TestAvionics.swift; sourceTree = "<group>"; };
		4204FCA92855F6BF006D753F /* FlightSummaryFuelDataSource.swift */ = {isa = PBXFileReference; lastKnownFileType = sourcecode.swift; name = FlightSummaryFuelDataSource.swift; path = Source/FlightSummaryFuelDataSource.swift; sourceTree = "<group>"; };
		4204FCAB2855FF6C006D753F /* FlightSummaryTimeDataSource.swift */ = {isa = PBXFileReference; lastKnownFileType = sourcecode.swift; name = FlightSummaryTimeDataSource.swift; path = Source/FlightSummaryTimeDataSource.swift; sourceTree = "<group>"; };
		4209D85E2860DDF000B79A07 /* FlightLogViewModel.swift */ = {isa = PBXFileReference; lastKnownFileType = sourcecode.swift; name = FlightLogViewModel.swift; path = Source/FlightLogViewModel.swift; sourceTree = "<group>"; };
		4209D8602860F4A600B79A07 /* LogDetailTabBarController.swift */ = {isa = PBXFileReference; lastKnownFileType = sourcecode.swift; name = LogDetailTabBarController.swift; path = Source/LogDetailTabBarController.swift; sourceTree = "<group>"; };
		4209D863286187CB00B79A07 /* LogFuelAnalysisViewController.swift */ = {isa = PBXFileReference; lastKnownFileType = sourcecode.swift; name = LogFuelAnalysisViewController.swift; path = Source/LogFuelAnalysisViewController.swift; sourceTree = "<group>"; };
		4209D8652861881300B79A07 /* LogGraphsViewController.swift */ = {isa = PBXFileReference; lastKnownFileType = sourcecode.swift; name = LogGraphsViewController.swift; path = Source/LogGraphsViewController.swift; sourceTree = "<group>"; };
		421E08692864455000D7D174 /* FuelAnalysisDataSource.swift */ = {isa = PBXFileReference; lastKnownFileType = sourcecode.swift; name = FuelAnalysisDataSource.swift; path = Source/FuelAnalysisDataSource.swift; sourceTree = "<group>"; };
		4239290C2864D08800CD33C0 /* Aircraft.swift */ = {isa = PBXFileReference; lastKnownFileType = sourcecode.swift; name = Aircraft.swift; path = Source/Aircraft.swift; sourceTree = "<group>"; };
		4239290E2864D0AF00CD33C0 /* FuelAnalysis.swift */ = {isa = PBXFileReference; lastKnownFileType = sourcecode.swift; name = FuelAnalysis.swift; path = Source/FuelAnalysis.swift; sourceTree = "<group>"; };
		423929102864D58800CD33C0 /* TestAnalysis.swift */ = {isa = PBXFileReference; lastKnownFileType = sourcecode.swift; path = TestAnalysis.swift; sourceTree = "<group>"; };
		423EF3522872E78900EA7415 /* SettingsViewController.swift */ = {isa = PBXFileReference; lastKnownFileType = sourcecode.swift; name = SettingsViewController.swift; path = Source/SettingsViewController.swift; sourceTree = "<group>"; };
		4240B6BA28A94E7C004D4F40 /* CalendarStatsViewController.swift */ = {isa = PBXFileReference; lastKnownFileType = sourcecode.swift; name = CalendarStatsViewController.swift; path = Source/CalendarStatsViewController.swift; sourceTree = "<group>"; };
		42478A5028153EF300212BF2 /* Log.swift */ = {isa = PBXFileReference; lastKnownFileType = sourcecode.swift; name = Log.swift; path = Source/Log.swift; sourceTree = "<group>"; };
		425A8DE1287094BD002DCB0C /* FlightFuelRecord.swift */ = {isa = PBXFileReference; lastKnownFileType = sourcecode.swift; name = FlightFuelRecord.swift; path = Source/FlightFuelRecord.swift; sourceTree = "<group>"; };
		425B3458289408D500548557 /* TableDataSource.swift */ = {isa = PBXFileReference; lastKnownFileType = sourcecode.swift; name = TableDataSource.swift; path = Source/TableDataSource.swift; sourceTree = "<group>"; };
		425B345A2894140800548557 /* ViewConfig.swift */ = {isa = PBXFileReference; lastKnownFileType = sourcecode.swift; name = ViewConfig.swift; path = Source/ViewConfig.swift; sourceTree = "<group>"; };
		425D04F92832FCFE0028FD67 /* secrets.json */ = {isa = PBXFileReference; fileEncoding = 4; lastKnownFileType = text.json; path = secrets.json; sourceTree = "<group>"; };
		425D04FB283451F30028FD67 /* airports.db */ = {isa = PBXFileReference; lastKnownFileType = file; name = airports.db; path = python/airports.db; sourceTree = SOURCE_ROOT; };
		425D04FC283451F30028FD67 /* logFileFields.json */ = {isa = PBXFileReference; fileEncoding = 4; lastKnownFileType = text.json; name = logFileFields.json; path = python/logFileFields.json; sourceTree = SOURCE_ROOT; };
		425D04FF2834521C0028FD67 /* FlightLegsDataSource.swift */ = {isa = PBXFileReference; fileEncoding = 4; lastKnownFileType = sourcecode.swift; name = FlightLegsDataSource.swift; path = Source/FlightLegsDataSource.swift; sourceTree = "<group>"; };
		425D0501283452320028FD67 /* ValueStats.swift */ = {isa = PBXFileReference; fileEncoding = 4; lastKnownFileType = sourcecode.swift; name = ValueStats.swift; path = Source/ValueStats.swift; sourceTree = "<group>"; };
		425F4EDA2893288A00F691BD /* StatsTabBarController.swift */ = {isa = PBXFileReference; lastKnownFileType = sourcecode.swift; name = StatsTabBarController.swift; path = Source/StatsTabBarController.swift; sourceTree = "<group>"; };
		425F4EDC289328DC00F691BD /* TripsStatsViewController.swift */ = {isa = PBXFileReference; lastKnownFileType = sourcecode.swift; name = TripsStatsViewController.swift; path = Source/TripsStatsViewController.swift; sourceTree = "<group>"; };
		42606A1B288DC57600AE858C /* RZNumberWithUnitCollectionViewCell.swift */ = {isa = PBXFileReference; lastKnownFileType = sourcecode.swift; name = RZNumberWithUnitCollectionViewCell.swift; path = Source/RZNumberWithUnitCollectionViewCell.swift; sourceTree = "<group>"; };
		42606A1D288DC5A500AE858C /* RZNumberWithUnitView.swift */ = {isa = PBXFileReference; lastKnownFileType = sourcecode.swift; name = RZNumberWithUnitView.swift; path = Source/RZNumberWithUnitView.swift; sourceTree = "<group>"; };
		42606A1F288DE0A300AE858C /* FlightListDataSource.swift */ = {isa = PBXFileReference; lastKnownFileType = sourcecode.swift; name = FlightListDataSource.swift; path = Source/FlightListDataSource.swift; sourceTree = "<group>"; };
		42606A21288DE2FC00AE858C /* FlightSummary+Field.swift */ = {isa = PBXFileReference; lastKnownFileType = sourcecode.swift; name = "FlightSummary+Field.swift"; path = "Source/FlightSummary+Field.swift"; sourceTree = "<group>"; };
		4264C22F281D830000F40436 /* MainSplitViewController.swift */ = {isa = PBXFileReference; lastKnownFileType = sourcecode.swift; name = MainSplitViewController.swift; path = Source/MainSplitViewController.swift; sourceTree = "<group>"; };
		4264C231281D9A0700F40436 /* LogListTableViewCell.swift */ = {isa = PBXFileReference; lastKnownFileType = sourcecode.swift; name = LogListTableViewCell.swift; path = Source/LogListTableViewCell.swift; sourceTree = "<group>"; };
		4264C2332825B58F00F40436 /* Settings.swift */ = {isa = PBXFileReference; lastKnownFileType = sourcecode.swift; name = Settings.swift; path = Source/Settings.swift; sourceTree = "<group>"; };
		4264C23528267EDC00F40436 /* FlightLeg.swift */ = {isa = PBXFileReference; lastKnownFileType = sourcecode.swift; name = FlightLeg.swift; path = Source/FlightLeg.swift; sourceTree = "<group>"; };
		4264C23728267F6600F40436 /* Waypoint.swift */ = {isa = PBXFileReference; lastKnownFileType = sourcecode.swift; name = Waypoint.swift; path = Source/Waypoint.swift; sourceTree = "<group>"; };
		4264C2392826858700F40436 /* FlightSummary.swift */ = {isa = PBXFileReference; lastKnownFileType = sourcecode.swift; name = FlightSummary.swift; path = Source/FlightSummary.swift; sourceTree = "<group>"; };
		4264C23B282691EF00F40436 /* FuelQuantity.swift */ = {isa = PBXFileReference; lastKnownFileType = sourcecode.swift; name = FuelQuantity.swift; path = Source/FuelQuantity.swift; sourceTree = "<group>"; };
		4264C23D2826922C00F40436 /* TimeRange.swift */ = {isa = PBXFileReference; lastKnownFileType = sourcecode.swift; name = TimeRange.swift; path = Source/TimeRange.swift; sourceTree = "<group>"; };
		4268A0C328357E2600A3CB05 /* KnownAirports.swift */ = {isa = PBXFileReference; lastKnownFileType = sourcecode.swift; name = KnownAirports.swift; path = Source/KnownAirports.swift; sourceTree = "<group>"; };
		4268A0C82842851900A3CB05 /* ProgressReport.swift */ = {isa = PBXFileReference; lastKnownFileType = sourcecode.swift; name = ProgressReport.swift; path = Source/ProgressReport.swift; sourceTree = "<group>"; };
		4280C87A280D43E400A0FB32 /* FlightLogStats.app */ = {isa = PBXFileReference; explicitFileType = wrapper.application; includeInIndex = 0; path = FlightLogStats.app; sourceTree = BUILT_PRODUCTS_DIR; };
		4280C884280D43E400A0FB32 /* Base */ = {isa = PBXFileReference; lastKnownFileType = file.storyboard; name = Base; path = Base.lproj/Main.storyboard; sourceTree = "<group>"; };
		4280C886280D43E500A0FB32 /* Assets.xcassets */ = {isa = PBXFileReference; lastKnownFileType = folder.assetcatalog; path = Assets.xcassets; sourceTree = "<group>"; };
		4280C889280D43E500A0FB32 /* Base */ = {isa = PBXFileReference; lastKnownFileType = file.storyboard; name = Base; path = Base.lproj/LaunchScreen.storyboard; sourceTree = "<group>"; };
		4280C88B280D43E500A0FB32 /* Info.plist */ = {isa = PBXFileReference; lastKnownFileType = text.plist.xml; path = Info.plist; sourceTree = "<group>"; };
		4280C890280D43E500A0FB32 /* FlightLogStatsTests.xctest */ = {isa = PBXFileReference; explicitFileType = wrapper.cfbundle; includeInIndex = 0; path = FlightLogStatsTests.xctest; sourceTree = BUILT_PRODUCTS_DIR; };
		4280C89A280D43E500A0FB32 /* FlightLogStatsUITests.xctest */ = {isa = PBXFileReference; explicitFileType = wrapper.cfbundle; includeInIndex = 0; path = FlightLogStatsUITests.xctest; sourceTree = BUILT_PRODUCTS_DIR; };
		4280C89E280D43E500A0FB32 /* flightlog1000UITests.swift */ = {isa = PBXFileReference; lastKnownFileType = sourcecode.swift; path = flightlog1000UITests.swift; sourceTree = "<group>"; };
		4280C8A0280D43E500A0FB32 /* flightlog1000UITestsLaunchTests.swift */ = {isa = PBXFileReference; lastKnownFileType = sourcecode.swift; path = flightlog1000UITestsLaunchTests.swift; sourceTree = "<group>"; };
		4280C8AD280D448600A0FB32 /* FlightLogStats.entitlements */ = {isa = PBXFileReference; lastKnownFileType = text.plist.entitlements; name = FlightLogStats.entitlements; path = FlightLog1000/FlightLogStats.entitlements; sourceTree = "<group>"; };
		4280C8B7280D460500A0FB32 /* FlightLogStats-Bridging-Header.h */ = {isa = PBXFileReference; lastKnownFileType = sourcecode.c.h; path = "FlightLogStats-Bridging-Header.h"; sourceTree = "<group>"; };
		4280C8B8280D460500A0FB32 /* AppDelegate.swift */ = {isa = PBXFileReference; fileEncoding = 4; lastKnownFileType = sourcecode.swift; name = AppDelegate.swift; path = Source/AppDelegate.swift; sourceTree = "<group>"; };
		4280C8B9280D460500A0FB32 /* LogListTableViewController.swift */ = {isa = PBXFileReference; fileEncoding = 4; lastKnownFileType = sourcecode.swift; name = LogListTableViewController.swift; path = Source/LogListTableViewController.swift; sourceTree = "<group>"; };
		4280C8BA280D460600A0FB32 /* SceneDelegate.swift */ = {isa = PBXFileReference; fileEncoding = 4; lastKnownFileType = sourcecode.swift; name = SceneDelegate.swift; path = Source/SceneDelegate.swift; sourceTree = "<group>"; };
		4280C8BE280D467400A0FB32 /* FlightLogFile.swift */ = {isa = PBXFileReference; fileEncoding = 4; lastKnownFileType = sourcecode.swift; name = FlightLogFile.swift; path = Source/FlightLogFile.swift; sourceTree = "<group>"; };
		4280C8BF280D467400A0FB32 /* FlightLogFileList.swift */ = {isa = PBXFileReference; fileEncoding = 4; lastKnownFileType = sourcecode.swift; name = FlightLogFileList.swift; path = Source/FlightLogFileList.swift; sourceTree = "<group>"; };
		4280C8C0280D467400A0FB32 /* FlightData.swift */ = {isa = PBXFileReference; fileEncoding = 4; lastKnownFileType = sourcecode.swift; name = FlightData.swift; path = Source/FlightData.swift; sourceTree = "<group>"; };
		4280C8C7280D48E700A0FB32 /* log_210623_141501_TEST1.csv */ = {isa = PBXFileReference; fileEncoding = 4; lastKnownFileType = text; path = log_210623_141501_TEST1.csv; sourceTree = "<group>"; };
		4280C8D3280D4CA500A0FB32 /* LogDetailViewController.swift */ = {isa = PBXFileReference; lastKnownFileType = sourcecode.swift; name = LogDetailViewController.swift; path = Source/LogDetailViewController.swift; sourceTree = "<group>"; };
		4280C8D6280D70CB00A0FB32 /* CloudKit.framework */ = {isa = PBXFileReference; lastKnownFileType = wrapper.framework; name = CloudKit.framework; path = System/Library/Frameworks/CloudKit.framework; sourceTree = SDKROOT; };
		429949D6282816A100CA1B89 /* DisplayContext.swift */ = {isa = PBXFileReference; lastKnownFileType = sourcecode.swift; name = DisplayContext.swift; path = Source/DisplayContext.swift; sourceTree = "<group>"; };
		429949D8282A9F7C00CA1B89 /* TableCollectionViewCell.swift */ = {isa = PBXFileReference; lastKnownFileType = sourcecode.swift; name = TableCollectionViewCell.swift; path = Source/TableCollectionViewCell.swift; sourceTree = "<group>"; };
		429949DA282B40B300CA1B89 /* GCUnit+Logfile.swift */ = {isa = PBXFileReference; lastKnownFileType = sourcecode.swift; name = "GCUnit+Logfile.swift"; path = "Source/GCUnit+Logfile.swift"; sourceTree = "<group>"; };
		429949DD282C6AD300CA1B89 /* TableCollectionViewLayout.swift */ = {isa = PBXFileReference; lastKnownFileType = sourcecode.swift; name = TableCollectionViewLayout.swift; path = Source/TableCollectionViewLayout.swift; sourceTree = "<group>"; };
		42A11EA228E883190031D209 /* FlyStoRequests.swift */ = {isa = PBXFileReference; lastKnownFileType = sourcecode.swift; name = FlyStoRequests.swift; path = Source/FlyStoRequests.swift; sourceTree = "<group>"; };
		42A11EA928FAFD7C0031D209 /* FlightFlyStoStatus.swift */ = {isa = PBXFileReference; lastKnownFileType = sourcecode.swift; name = FlightFlyStoStatus.swift; path = Source/FlightFlyStoStatus.swift; sourceTree = "<group>"; };
		42A20B512896F0CF00439880 /* Trips.swift */ = {isa = PBXFileReference; lastKnownFileType = sourcecode.swift; name = Trips.swift; path = Source/Trips.swift; sourceTree = "<group>"; };
		42A20B54289C577F00439880 /* Trip.swift */ = {isa = PBXFileReference; lastKnownFileType = sourcecode.swift; name = Trip.swift; path = Source/Trip.swift; sourceTree = "<group>"; };
		42A20B56289D78D700439880 /* LogMapViewController.swift */ = {isa = PBXFileReference; lastKnownFileType = sourcecode.swift; name = LogMapViewController.swift; path = Source/LogMapViewController.swift; sourceTree = "<group>"; };
		42A20B59289D7D1500439880 /* FlightData+Map.swift */ = {isa = PBXFileReference; lastKnownFileType = sourcecode.swift; name = "FlightData+Map.swift"; path = "Source/FlightData+Map.swift"; sourceTree = "<group>"; };
		42A20B5B28A09F1100439880 /* ProgressReportOverlay.swift */ = {isa = PBXFileReference; lastKnownFileType = sourcecode.swift; name = ProgressReportOverlay.swift; path = Source/ProgressReportOverlay.swift; sourceTree = "<group>"; };
		42A7A0BE28154A2400DF4495 /* FlightLogFileInfo.swift */ = {isa = PBXFileReference; lastKnownFileType = sourcecode.swift; name = FlightLogFileInfo.swift; path = Source/FlightLogFileInfo.swift; sourceTree = "<group>"; };
		42A7A0C028155B0E00DF4495 /* DatesValuesByField.swift */ = {isa = PBXFileReference; lastKnownFileType = sourcecode.swift; name = DatesValuesByField.swift; path = Source/DatesValuesByField.swift; sourceTree = "<group>"; };
		42A7A0C22815898C00DF4495 /* FlightLogFile+Field.swift */ = {isa = PBXFileReference; lastKnownFileType = sourcecode.swift; name = "FlightLogFile+Field.swift"; path = "Source/FlightLogFile+Field.swift"; sourceTree = "<group>"; };
		42B3842F28609A3C009458CC /* FieldCalculations.swift */ = {isa = PBXFileReference; lastKnownFileType = sourcecode.swift; name = FieldCalculations.swift; path = Source/FieldCalculations.swift; sourceTree = "<group>"; };
		42B90996284D1F8100186FCD /* ProgressReportViewController.swift */ = {isa = PBXFileReference; lastKnownFileType = sourcecode.swift; name = ProgressReportViewController.swift; path = Source/ProgressReportViewController.swift; sourceTree = "<group>"; };
		42CEA36C281C2F7400AB7B5F /* log_220417_135002_LFAQ.csv */ = {isa = PBXFileReference; fileEncoding = 4; lastKnownFileType = text; path = log_220417_135002_LFAQ.csv; sourceTree = "<group>"; };
		42CEA36D281C2F7400AB7B5F /* log_220417_125002_LFQA.csv */ = {isa = PBXFileReference; fileEncoding = 4; lastKnownFileType = text; path = log_220417_125002_LFQA.csv; sourceTree = "<group>"; };
		42CEA36E281C2F7400AB7B5F /* log_220416_161856_LFQA.csv */ = {isa = PBXFileReference; fileEncoding = 4; lastKnownFileType = text; path = log_220416_161856_LFQA.csv; sourceTree = "<group>"; };
		42CEA36F281C2F7400AB7B5F /* log_211204_102045_EGLL.csv */ = {isa = PBXFileReference; fileEncoding = 4; lastKnownFileType = text; path = log_211204_102045_EGLL.csv; sourceTree = "<group>"; };
		42D154DA280DE413000A0BB9 /* FlightLogOrganizer.swift */ = {isa = PBXFileReference; lastKnownFileType = sourcecode.swift; name = FlightLogOrganizer.swift; path = Source/FlightLogOrganizer.swift; sourceTree = "<group>"; };
		42DF535928B6486700512C34 /* Visit.swift */ = {isa = PBXFileReference; lastKnownFileType = sourcecode.swift; name = Visit.swift; path = Source/Visit.swift; sourceTree = "<group>"; };
		42E13B8D2813DBD200AF38AC /* FlightLogModel.xcdatamodel */ = {isa = PBXFileReference; lastKnownFileType = wrapper.xcdatamodel; path = FlightLogModel.xcdatamodel; sourceTree = "<group>"; };
		42E83FEA283CB58E00869598 /* TestParsingLogFiles.swift */ = {isa = PBXFileReference; fileEncoding = 4; lastKnownFileType = sourcecode.swift; path = TestParsingLogFiles.swift; sourceTree = "<group>"; };
		42E83FEC283CB5A800869598 /* BufferedStreamReader.swift */ = {isa = PBXFileReference; fileEncoding = 4; lastKnownFileType = sourcecode.swift; name = BufferedStreamReader.swift; path = Source/BufferedStreamReader.swift; sourceTree = "<group>"; };
		42F1E847284A3C2E00DB732A /* TestParsingCsv.swift */ = {isa = PBXFileReference; fileEncoding = 4; lastKnownFileType = sourcecode.swift; path = TestParsingCsv.swift; sourceTree = "<group>"; };
		42F1E849284A491600DB732A /* log_220502_095923______.csv */ = {isa = PBXFileReference; fileEncoding = 4; lastKnownFileType = text; path = "log_220502_095923______.csv"; sourceTree = "<group>"; };
		42F1E84A284A491600DB732A /* log_220414_065328______.csv */ = {isa = PBXFileReference; fileEncoding = 4; lastKnownFileType = text; path = "log_220414_065328______.csv"; sourceTree = "<group>"; };
		42F1E84B284A491600DB732A /* log_220502_135932_EGPN.csv */ = {isa = PBXFileReference; fileEncoding = 4; lastKnownFileType = text; path = log_220502_135932_EGPN.csv; sourceTree = "<group>"; };
		42F1E84F284A4D2800DB732A /* TestOrganizer.swift */ = {isa = PBXFileReference; lastKnownFileType = sourcecode.swift; path = TestOrganizer.swift; sourceTree = "<group>"; };
/* End PBXFileReference section */

/* Begin PBXFrameworksBuildPhase section */
		4280C877280D43E400A0FB32 /* Frameworks */ = {
			isa = PBXFrameworksBuildPhase;
			buildActionMask = 2147483647;
			files = (
				42A11EA028E882E70031D209 /* OAuthSwift in Frameworks */,
				4280C8D7280D70CB00A0FB32 /* CloudKit.framework in Frameworks */,
				4280C8D2280D4BE400A0FB32 /* RZUtilsTouch in Frameworks */,
				4280C8CF280D4AD300A0FB32 /* RZUtilsUniversal in Frameworks */,
				4280C8CD280D4AD300A0FB32 /* RZUtilsSwift in Frameworks */,
				425D04F72832F47B0028FD67 /* RZFlight in Frameworks */,
				4280C8CB280D4AD300A0FB32 /* RZUtils in Frameworks */,
				4268A0C728357E6300A3CB05 /* KDTree in Frameworks */,
				42A11EA828FACD2C0031D209 /* ZIPFoundation in Frameworks */,
			);
			runOnlyForDeploymentPostprocessing = 0;
		};
		4280C88D280D43E500A0FB32 /* Frameworks */ = {
			isa = PBXFrameworksBuildPhase;
			buildActionMask = 2147483647;
			files = (
			);
			runOnlyForDeploymentPostprocessing = 0;
		};
		4280C897280D43E500A0FB32 /* Frameworks */ = {
			isa = PBXFrameworksBuildPhase;
			buildActionMask = 2147483647;
			files = (
			);
			runOnlyForDeploymentPostprocessing = 0;
		};
/* End PBXFrameworksBuildPhase section */

/* Begin PBXGroup section */
		4209D85C2860DD9500B79A07 /* DataSources */ = {
			isa = PBXGroup;
			children = (
				425D04FF2834521C0028FD67 /* FlightLegsDataSource.swift */,
				4204FCA92855F6BF006D753F /* FlightSummaryFuelDataSource.swift */,
				4204FCAB2855FF6C006D753F /* FlightSummaryTimeDataSource.swift */,
				421E08692864455000D7D174 /* FuelAnalysisDataSource.swift */,
				42606A1F288DE0A300AE858C /* FlightListDataSource.swift */,
			);
			name = DataSources;
			sourceTree = "<group>";
		};
		4209D85D2860DDBE00B79A07 /* Table */ = {
			isa = PBXGroup;
			children = (
				429949D8282A9F7C00CA1B89 /* TableCollectionViewCell.swift */,
				429949DD282C6AD300CA1B89 /* TableCollectionViewLayout.swift */,
				425B3458289408D500548557 /* TableDataSource.swift */,
				42606A1B288DC57600AE858C /* RZNumberWithUnitCollectionViewCell.swift */,
				42606A1D288DC5A500AE858C /* RZNumberWithUnitView.swift */,
			);
			name = Table;
			sourceTree = "<group>";
		};
		4209D8622861878900B79A07 /* DetailViews */ = {
			isa = PBXGroup;
			children = (
				423EF3522872E78900EA7415 /* SettingsViewController.swift */,
				4209D8602860F4A600B79A07 /* LogDetailTabBarController.swift */,
				4280C8D3280D4CA500A0FB32 /* LogDetailViewController.swift */,
				4209D863286187CB00B79A07 /* LogFuelAnalysisViewController.swift */,
				4209D8652861881300B79A07 /* LogGraphsViewController.swift */,
				42A20B56289D78D700439880 /* LogMapViewController.swift */,
			);
			name = DetailViews;
			sourceTree = "<group>";
		};
		423EF3512872E74900EA7415 /* MainListViews */ = {
			isa = PBXGroup;
			children = (
				4264C22F281D830000F40436 /* MainSplitViewController.swift */,
				4280C8B9280D460500A0FB32 /* LogListTableViewController.swift */,
				4264C231281D9A0700F40436 /* LogListTableViewCell.swift */,
			);
			name = MainListViews;
			sourceTree = "<group>";
		};
		42478A4F28153EBE00212BF2 /* Utils */ = {
			isa = PBXGroup;
			children = (
				42E83FEC283CB5A800869598 /* BufferedStreamReader.swift */,
				425D0501283452320028FD67 /* ValueStats.swift */,
				42478A5028153EF300212BF2 /* Log.swift */,
				4264C2332825B58F00F40436 /* Settings.swift */,
				42A7A0C028155B0E00DF4495 /* DatesValuesByField.swift */,
				4264C23D2826922C00F40436 /* TimeRange.swift */,
				429949D6282816A100CA1B89 /* DisplayContext.swift */,
				429949DA282B40B300CA1B89 /* GCUnit+Logfile.swift */,
				4268A0C82842851900A3CB05 /* ProgressReport.swift */,
				42B90996284D1F8100186FCD /* ProgressReportViewController.swift */,
				42A20B5B28A09F1100439880 /* ProgressReportOverlay.swift */,
				4203FBC82905A503005B0530 /* ErrorManager.swift */,
			);
			name = Utils;
			sourceTree = "<group>";
		};
		425F4ED92893285000F691BD /* Stats */ = {
			isa = PBXGroup;
			children = (
				425F4EDA2893288A00F691BD /* StatsTabBarController.swift */,
				425F4EDC289328DC00F691BD /* TripsStatsViewController.swift */,
				4240B6BA28A94E7C004D4F40 /* CalendarStatsViewController.swift */,
			);
			name = Stats;
			sourceTree = "<group>";
		};
		4280C871280D43E400A0FB32 = {
			isa = PBXGroup;
			children = (
				4280C8AD280D448600A0FB32 /* FlightLogStats.entitlements */,
				4280C87C280D43E400A0FB32 /* flightlogstats */,
				4280C893280D43E500A0FB32 /* flightlogstatsTests */,
				4280C89D280D43E500A0FB32 /* flightlogstatsUITests */,
				4280C87B280D43E400A0FB32 /* Products */,
				4280C8D5280D70CB00A0FB32 /* Frameworks */,
			);
			sourceTree = "<group>";
		};
		4280C87B280D43E400A0FB32 /* Products */ = {
			isa = PBXGroup;
			children = (
				4280C87A280D43E400A0FB32 /* FlightLogStats.app */,
				4280C890280D43E500A0FB32 /* FlightLogStatsTests.xctest */,
				4280C89A280D43E500A0FB32 /* FlightLogStatsUITests.xctest */,
			);
			name = Products;
			sourceTree = "<group>";
		};
		4280C87C280D43E400A0FB32 /* flightlogstats */ = {
			isa = PBXGroup;
			children = (
				42A11EA128E882F90031D209 /* Communications */,
				42478A4F28153EBE00212BF2 /* Utils */,
				42E13B8B2813DBA100AF38AC /* Storage */,
				4280C8C4280D467A00A0FB32 /* Model */,
				4280C8AE280D458B00A0FB32 /* UserInterface */,
				4280C8C5280D46C900A0FB32 /* App */,
				4280C88B280D43E500A0FB32 /* Info.plist */,
			);
			path = flightlogstats;
			sourceTree = "<group>";
		};
		4280C893280D43E500A0FB32 /* flightlogstatsTests */ = {
			isa = PBXGroup;
			children = (
				4280C8C6280D48E700A0FB32 /* TestAssets */,
				42E83FEA283CB58E00869598 /* TestParsingLogFiles.swift */,
				42F1E84F284A4D2800DB732A /* TestOrganizer.swift */,
				42F1E847284A3C2E00DB732A /* TestParsingCsv.swift */,
				423929102864D58800CD33C0 /* TestAnalysis.swift */,
				4203FBD22905B0FE005B0530 /* TestAvionics.swift */,
			);
			path = flightlogstatsTests;
			sourceTree = "<group>";
		};
		4280C89D280D43E500A0FB32 /* flightlogstatsUITests */ = {
			isa = PBXGroup;
			children = (
				4280C89E280D43E500A0FB32 /* flightlog1000UITests.swift */,
				4280C8A0280D43E500A0FB32 /* flightlog1000UITestsLaunchTests.swift */,
			);
			path = flightlogstatsUITests;
			sourceTree = "<group>";
		};
		4280C8AE280D458B00A0FB32 /* UserInterface */ = {
			isa = PBXGroup;
			children = (
				42A20B58289D7CDB00439880 /* Support */,
				425F4ED92893285000F691BD /* Stats */,
				423EF3512872E74900EA7415 /* MainListViews */,
				4209D8622861878900B79A07 /* DetailViews */,
				4209D85D2860DDBE00B79A07 /* Table */,
				4209D85C2860DD9500B79A07 /* DataSources */,
				4280C886280D43E500A0FB32 /* Assets.xcassets */,
				4280C883280D43E400A0FB32 /* Main.storyboard */,
				4209D85E2860DDF000B79A07 /* FlightLogViewModel.swift */,
				425B345A2894140800548557 /* ViewConfig.swift */,
			);
			name = UserInterface;
			sourceTree = "<group>";
		};
		4280C8C4280D467A00A0FB32 /* Model */ = {
			isa = PBXGroup;
			children = (
				42A20B53289C576600439880 /* Trips */,
				42A20B502896F0A200439880 /* Entities */,
				42A20B4F2896F07C00439880 /* Flight */,
				42B3842F28609A3C009458CC /* FieldCalculations.swift */,
			);
			name = Model;
			sourceTree = "<group>";
		};
		4280C8C5280D46C900A0FB32 /* App */ = {
			isa = PBXGroup;
			children = (
				425D04FB283451F30028FD67 /* airports.db */,
				425D04FC283451F30028FD67 /* logFileFields.json */,
				425D04F92832FCFE0028FD67 /* secrets.json */,
				4280C888280D43E500A0FB32 /* LaunchScreen.storyboard */,
				4280C8B8280D460500A0FB32 /* AppDelegate.swift */,
				4280C8BA280D460600A0FB32 /* SceneDelegate.swift */,
				4280C8B7280D460500A0FB32 /* FlightLogStats-Bridging-Header.h */,
			);
			name = App;
			sourceTree = "<group>";
		};
		4280C8C6280D48E700A0FB32 /* TestAssets */ = {
			isa = PBXGroup;
			children = (
				4203FBCD2905B0C8005B0530 /* rpt_220620_134709_N122DR.csv */,
				4203FBCC2905B0C8005B0530 /* rpt_220706_135400_N122DR.csv */,
				42F1E84A284A491600DB732A /* log_220414_065328______.csv */,
				42F1E849284A491600DB732A /* log_220502_095923______.csv */,
				42F1E84B284A491600DB732A /* log_220502_135932_EGPN.csv */,
				420247AE2840011300B7E52C /* log_small_sample_fixed.csv */,
				420247AD2840011300B7E52C /* log_small_sample.csv */,
				42CEA36F281C2F7400AB7B5F /* log_211204_102045_EGLL.csv */,
				42CEA36E281C2F7400AB7B5F /* log_220416_161856_LFQA.csv */,
				42CEA36D281C2F7400AB7B5F /* log_220417_125002_LFQA.csv */,
				42CEA36C281C2F7400AB7B5F /* log_220417_135002_LFAQ.csv */,
				4280C8C7280D48E700A0FB32 /* log_210623_141501_TEST1.csv */,
			);
			path = TestAssets;
			sourceTree = "<group>";
		};
		4280C8D5280D70CB00A0FB32 /* Frameworks */ = {
			isa = PBXGroup;
			children = (
				4280C8D6280D70CB00A0FB32 /* CloudKit.framework */,
			);
			name = Frameworks;
			sourceTree = "<group>";
		};
		42A11EA128E882F90031D209 /* Communications */ = {
			isa = PBXGroup;
			children = (
				42A11EA228E883190031D209 /* FlyStoRequests.swift */,
			);
			name = Communications;
			sourceTree = "<group>";
		};
		42A20B4F2896F07C00439880 /* Flight */ = {
			isa = PBXGroup;
			children = (
				4280C8C0280D467400A0FB32 /* FlightData.swift */,
				4280C8BE280D467400A0FB32 /* FlightLogFile.swift */,
				4280C8BF280D467400A0FB32 /* FlightLogFileList.swift */,
				42A7A0C22815898C00DF4495 /* FlightLogFile+Field.swift */,
				4264C2392826858700F40436 /* FlightSummary.swift */,
				42606A21288DE2FC00AE858C /* FlightSummary+Field.swift */,
				4264C23528267EDC00F40436 /* FlightLeg.swift */,
			);
			name = Flight;
			sourceTree = "<group>";
		};
		42A20B502896F0A200439880 /* Entities */ = {
			isa = PBXGroup;
			children = (
				4264C23728267F6600F40436 /* Waypoint.swift */,
				4264C23B282691EF00F40436 /* FuelQuantity.swift */,
				4268A0C328357E2600A3CB05 /* KnownAirports.swift */,
				4239290C2864D08800CD33C0 /* Aircraft.swift */,
				4239290E2864D0AF00CD33C0 /* FuelAnalysis.swift */,
				4203FBCA2905AF22005B0530 /* AvionicsSystem.swift */,
			);
			name = Entities;
			sourceTree = "<group>";
		};
		42A20B53289C576600439880 /* Trips */ = {
			isa = PBXGroup;
			children = (
				42A20B512896F0CF00439880 /* Trips.swift */,
				42A20B54289C577F00439880 /* Trip.swift */,
				42DF535928B6486700512C34 /* Visit.swift */,
			);
			name = Trips;
			sourceTree = "<group>";
		};
		42A20B58289D7CDB00439880 /* Support */ = {
			isa = PBXGroup;
			children = (
				42A20B59289D7D1500439880 /* FlightData+Map.swift */,
			);
			name = Support;
			sourceTree = "<group>";
		};
		42E13B8B2813DBA100AF38AC /* Storage */ = {
			isa = PBXGroup;
			children = (
				42E13B8C2813DBD200AF38AC /* FlightLogModel.xcdatamodeld */,
				42D154DA280DE413000A0BB9 /* FlightLogOrganizer.swift */,
				42A7A0BE28154A2400DF4495 /* FlightLogFileInfo.swift */,
				425A8DE1287094BD002DCB0C /* FlightFuelRecord.swift */,
				42A11EA928FAFD7C0031D209 /* FlightFlyStoStatus.swift */,
			);
			name = Storage;
			sourceTree = "<group>";
		};
/* End PBXGroup section */

/* Begin PBXNativeTarget section */
		4280C879280D43E400A0FB32 /* FlightLogStats */ = {
			isa = PBXNativeTarget;
			buildConfigurationList = 4280C8A4280D43E500A0FB32 /* Build configuration list for PBXNativeTarget "FlightLogStats" */;
			buildPhases = (
				4210A7BB2903218C00D09017 /* Run Script Validate Secrets.json */,
				4280C876280D43E400A0FB32 /* Sources */,
				4280C877280D43E400A0FB32 /* Frameworks */,
				4280C878280D43E400A0FB32 /* Resources */,
			);
			buildRules = (
			);
			dependencies = (
			);
			name = FlightLogStats;
			packageProductDependencies = (
				4280C8CA280D4AD300A0FB32 /* RZUtils */,
				4280C8CC280D4AD300A0FB32 /* RZUtilsSwift */,
				4280C8CE280D4AD300A0FB32 /* RZUtilsUniversal */,
				4280C8D1280D4BE400A0FB32 /* RZUtilsTouch */,
				425D04F62832F47B0028FD67 /* RZFlight */,
				4268A0C628357E6300A3CB05 /* KDTree */,
				42A11E9F28E882E70031D209 /* OAuthSwift */,
				42A11EA728FACD2C0031D209 /* ZIPFoundation */,
			);
			productName = flightlog1000;
			productReference = 4280C87A280D43E400A0FB32 /* FlightLogStats.app */;
			productType = "com.apple.product-type.application";
		};
		4280C88F280D43E500A0FB32 /* FlightLogStatsTests */ = {
			isa = PBXNativeTarget;
			buildConfigurationList = 4280C8A7280D43E500A0FB32 /* Build configuration list for PBXNativeTarget "FlightLogStatsTests" */;
			buildPhases = (
				4280C88C280D43E500A0FB32 /* Sources */,
				4280C88D280D43E500A0FB32 /* Frameworks */,
				4280C88E280D43E500A0FB32 /* Resources */,
			);
			buildRules = (
			);
			dependencies = (
				4280C892280D43E500A0FB32 /* PBXTargetDependency */,
			);
			name = FlightLogStatsTests;
			productName = flightlog1000Tests;
			productReference = 4280C890280D43E500A0FB32 /* FlightLogStatsTests.xctest */;
			productType = "com.apple.product-type.bundle.unit-test";
		};
		4280C899280D43E500A0FB32 /* FlightLogStatsUITests */ = {
			isa = PBXNativeTarget;
			buildConfigurationList = 4280C8AA280D43E500A0FB32 /* Build configuration list for PBXNativeTarget "FlightLogStatsUITests" */;
			buildPhases = (
				4280C896280D43E500A0FB32 /* Sources */,
				4280C897280D43E500A0FB32 /* Frameworks */,
				4280C898280D43E500A0FB32 /* Resources */,
			);
			buildRules = (
			);
			dependencies = (
				4280C89C280D43E500A0FB32 /* PBXTargetDependency */,
			);
			name = FlightLogStatsUITests;
			productName = flightlog1000UITests;
			productReference = 4280C89A280D43E500A0FB32 /* FlightLogStatsUITests.xctest */;
			productType = "com.apple.product-type.bundle.ui-testing";
		};
/* End PBXNativeTarget section */

/* Begin PBXProject section */
		4280C872280D43E400A0FB32 /* Project object */ = {
			isa = PBXProject;
			attributes = {
				BuildIndependentTargetsInParallel = 1;
				LastSwiftUpdateCheck = 1330;
				LastUpgradeCheck = 1330;
				TargetAttributes = {
					4280C879280D43E400A0FB32 = {
						CreatedOnToolsVersion = 13.3.1;
						LastSwiftMigration = 1330;
					};
					4280C88F280D43E500A0FB32 = {
						CreatedOnToolsVersion = 13.3.1;
						TestTargetID = 4280C879280D43E400A0FB32;
					};
					4280C899280D43E500A0FB32 = {
						CreatedOnToolsVersion = 13.3.1;
						TestTargetID = 4280C879280D43E400A0FB32;
					};
				};
			};
			buildConfigurationList = 4280C875280D43E400A0FB32 /* Build configuration list for PBXProject "flightlogstats" */;
			compatibilityVersion = "Xcode 13.0";
			developmentRegion = en;
			hasScannedForEncodings = 0;
			knownRegions = (
				en,
				Base,
			);
			mainGroup = 4280C871280D43E400A0FB32;
			packageReferences = (
				4280C8C9280D4AD300A0FB32 /* XCRemoteSwiftPackageReference "rzutils" */,
				4280C8D0280D4BE400A0FB32 /* XCRemoteSwiftPackageReference "rzutils-touch" */,
				425D04F52832F47B0028FD67 /* XCRemoteSwiftPackageReference "rzflight" */,
				4268A0C528357E6300A3CB05 /* XCRemoteSwiftPackageReference "KDTree" */,
				42A11E9E28E882E70031D209 /* XCRemoteSwiftPackageReference "OAuthSwift" */,
				42A11EA628FACD2C0031D209 /* XCRemoteSwiftPackageReference "ZIPFoundation" */,
			);
			productRefGroup = 4280C87B280D43E400A0FB32 /* Products */;
			projectDirPath = "";
			projectRoot = "";
			targets = (
				4280C879280D43E400A0FB32 /* FlightLogStats */,
				4280C88F280D43E500A0FB32 /* FlightLogStatsTests */,
				4280C899280D43E500A0FB32 /* FlightLogStatsUITests */,
			);
		};
/* End PBXProject section */

/* Begin PBXResourcesBuildPhase section */
		4280C878280D43E400A0FB32 /* Resources */ = {
			isa = PBXResourcesBuildPhase;
			buildActionMask = 2147483647;
			files = (
				425D04FD283451F30028FD67 /* airports.db in Resources */,
				4280C88A280D43E500A0FB32 /* LaunchScreen.storyboard in Resources */,
				4280C887280D43E500A0FB32 /* Assets.xcassets in Resources */,
				425D04FE283451F30028FD67 /* logFileFields.json in Resources */,
				4280C885280D43E400A0FB32 /* Main.storyboard in Resources */,
				425D04FA2832FCFE0028FD67 /* secrets.json in Resources */,
			);
			runOnlyForDeploymentPostprocessing = 0;
		};
		4280C88E280D43E500A0FB32 /* Resources */ = {
			isa = PBXResourcesBuildPhase;
			buildActionMask = 2147483647;
			files = (
				4203FBD12905B0D6005B0530 /* rpt_220706_135400_N122DR.csv in Resources */,
				42CEA371281C2F7400AB7B5F /* log_220417_125002_LFQA.csv in Resources */,
				420247B02840011300B7E52C /* log_small_sample_fixed.csv in Resources */,
				42CEA372281C2F7400AB7B5F /* log_220416_161856_LFQA.csv in Resources */,
				42F1E84E284A491700DB732A /* log_220502_135932_EGPN.csv in Resources */,
				42CEA370281C2F7400AB7B5F /* log_220417_135002_LFAQ.csv in Resources */,
				4280C8C8280D48E700A0FB32 /* log_210623_141501_TEST1.csv in Resources */,
				42F1E84D284A491600DB732A /* log_220414_065328______.csv in Resources */,
				42CEA373281C2F7400AB7B5F /* log_211204_102045_EGLL.csv in Resources */,
				4203FBD02905B0D2005B0530 /* rpt_220620_134709_N122DR.csv in Resources */,
				42F1E84C284A491600DB732A /* log_220502_095923______.csv in Resources */,
				420247AF2840011300B7E52C /* log_small_sample.csv in Resources */,
			);
			runOnlyForDeploymentPostprocessing = 0;
		};
		4280C898280D43E500A0FB32 /* Resources */ = {
			isa = PBXResourcesBuildPhase;
			buildActionMask = 2147483647;
			files = (
			);
			runOnlyForDeploymentPostprocessing = 0;
		};
/* End PBXResourcesBuildPhase section */

/* Begin PBXShellScriptBuildPhase section */
		4210A7BB2903218C00D09017 /* Run Script Validate Secrets.json */ = {
			isa = PBXShellScriptBuildPhase;
			buildActionMask = 2147483647;
			files = (
			);
			inputFileListPaths = (
			);
			inputPaths = (
			);
			name = "Run Script Validate Secrets.json";
			outputFileListPaths = (
			);
			outputPaths = (
			);
			runOnlyForDeploymentPostprocessing = 0;
			shellPath = /bin/sh;
			shellScript = "# Type a script or drag a script file from your workspace to insert its path.\n\nSECRETS=$SRCROOT/flightlogstats/secrets.json\nSAMPLE_SECRETS=$SRCROOT/flightlogstats/secrets.sample.json\n\nif [ -f $SECRETS ]; then\n    echo \"Checked $SECRETS\"\nelse\n    if [ -f $SAMPLE_SECRETS ]; then\n        echo \"Creating $SECRETS\"\n        /bin/cp $SAMPLE_SECRETS $SECRETS\n    fi\nfi\n";
		};
/* End PBXShellScriptBuildPhase section */

/* Begin PBXSourcesBuildPhase section */
		4280C876280D43E400A0FB32 /* Sources */ = {
			isa = PBXSourcesBuildPhase;
			buildActionMask = 2147483647;
			files = (
				4280C8BC280D460600A0FB32 /* LogListTableViewController.swift in Sources */,
				42A7A0C128155B0E00DF4495 /* DatesValuesByField.swift in Sources */,
				42B3843028609A3C009458CC /* FieldCalculations.swift in Sources */,
				42606A1C288DC57600AE858C /* RZNumberWithUnitCollectionViewCell.swift in Sources */,
				42A7A0C32815898C00DF4495 /* FlightLogFile+Field.swift in Sources */,
				4280C8D4280D4CA500A0FB32 /* LogDetailViewController.swift in Sources */,
				42A20B57289D78D700439880 /* LogMapViewController.swift in Sources */,
				4268A0C92842851900A3CB05 /* ProgressReport.swift in Sources */,
				42478A5128153EF300212BF2 /* Log.swift in Sources */,
				42A20B55289C577F00439880 /* Trip.swift in Sources */,
				425F4EDB2893288A00F691BD /* StatsTabBarController.swift in Sources */,
				4280C8C3280D467400A0FB32 /* FlightData.swift in Sources */,
				42A7A0BF28154A2400DF4495 /* FlightLogFileInfo.swift in Sources */,
				4280C8BB280D460600A0FB32 /* AppDelegate.swift in Sources */,
				4203FBC92905A503005B0530 /* ErrorManager.swift in Sources */,
				4264C230281D830000F40436 /* MainSplitViewController.swift in Sources */,
				425D0502283452320028FD67 /* ValueStats.swift in Sources */,
				4264C23628267EDC00F40436 /* FlightLeg.swift in Sources */,
				4268A0C428357E2600A3CB05 /* KnownAirports.swift in Sources */,
				425A8DE2287094BD002DCB0C /* FlightFuelRecord.swift in Sources */,
				42606A20288DE0A300AE858C /* FlightListDataSource.swift in Sources */,
				4239290D2864D08800CD33C0 /* Aircraft.swift in Sources */,
				4209D8662861881300B79A07 /* LogGraphsViewController.swift in Sources */,
				42D154DB280DE413000A0BB9 /* FlightLogOrganizer.swift in Sources */,
				4264C2342825B58F00F40436 /* Settings.swift in Sources */,
				42E83FEE283CB5B000869598 /* BufferedStreamReader.swift in Sources */,
				4264C23C282691EF00F40436 /* FuelQuantity.swift in Sources */,
				4239290F2864D0AF00CD33C0 /* FuelAnalysis.swift in Sources */,
				4264C23A2826858700F40436 /* FlightSummary.swift in Sources */,
				429949DB282B40B300CA1B89 /* GCUnit+Logfile.swift in Sources */,
				425B345B2894140800548557 /* ViewConfig.swift in Sources */,
				4240B6BB28A94E7C004D4F40 /* CalendarStatsViewController.swift in Sources */,
				42A20B522896F0CF00439880 /* Trips.swift in Sources */,
				425B3459289408D500548557 /* TableDataSource.swift in Sources */,
				42606A22288DE2FC00AE858C /* FlightSummary+Field.swift in Sources */,
				42A20B5C28A09F1100439880 /* ProgressReportOverlay.swift in Sources */,
				42E13B8E2813DBD200AF38AC /* FlightLogModel.xcdatamodeld in Sources */,
				42A11EA328E883190031D209 /* FlyStoRequests.swift in Sources */,
				421E086A2864455000D7D174 /* FuelAnalysisDataSource.swift in Sources */,
				42A11EAA28FAFD7C0031D209 /* FlightFlyStoStatus.swift in Sources */,
				42606A1E288DC5A500AE858C /* RZNumberWithUnitView.swift in Sources */,
				4264C23E2826922C00F40436 /* TimeRange.swift in Sources */,
				425D05002834521C0028FD67 /* FlightLegsDataSource.swift in Sources */,
				4280C8C1280D467400A0FB32 /* FlightLogFile.swift in Sources */,
				42B90997284D1F8100186FCD /* ProgressReportViewController.swift in Sources */,
				429949D7282816A100CA1B89 /* DisplayContext.swift in Sources */,
				4264C23828267F6600F40436 /* Waypoint.swift in Sources */,
				429949D9282A9F7C00CA1B89 /* TableCollectionViewCell.swift in Sources */,
				42DF535A28B6486700512C34 /* Visit.swift in Sources */,
				423EF3532872E78900EA7415 /* SettingsViewController.swift in Sources */,
				42A20B5A289D7D1500439880 /* FlightData+Map.swift in Sources */,
				429949DE282C6AD300CA1B89 /* TableCollectionViewLayout.swift in Sources */,
				4209D8612860F4A600B79A07 /* LogDetailTabBarController.swift in Sources */,
				4280C8BD280D460600A0FB32 /* SceneDelegate.swift in Sources */,
				4204FCAA2855F6BF006D753F /* FlightSummaryFuelDataSource.swift in Sources */,
				4209D864286187CB00B79A07 /* LogFuelAnalysisViewController.swift in Sources */,
				4203FBCB2905AF22005B0530 /* AvionicsSystem.swift in Sources */,
				4280C8C2280D467400A0FB32 /* FlightLogFileList.swift in Sources */,
				425F4EDD289328DC00F691BD /* TripsStatsViewController.swift in Sources */,
				4264C232281D9A0700F40436 /* LogListTableViewCell.swift in Sources */,
				4209D85F2860DDF000B79A07 /* FlightLogViewModel.swift in Sources */,
				4204FCAC2855FF6C006D753F /* FlightSummaryTimeDataSource.swift in Sources */,
			);
			runOnlyForDeploymentPostprocessing = 0;
		};
		4280C88C280D43E500A0FB32 /* Sources */ = {
			isa = PBXSourcesBuildPhase;
			buildActionMask = 2147483647;
			files = (
				42F1E850284A4D2800DB732A /* TestOrganizer.swift in Sources */,
				4203FBD32905B0FE005B0530 /* TestAvionics.swift in Sources */,
				423929112864D58800CD33C0 /* TestAnalysis.swift in Sources */,
				42E83FEB283CB58E00869598 /* TestParsingLogFiles.swift in Sources */,
				42F1E848284A3C2E00DB732A /* TestParsingCsv.swift in Sources */,
			);
			runOnlyForDeploymentPostprocessing = 0;
		};
		4280C896280D43E500A0FB32 /* Sources */ = {
			isa = PBXSourcesBuildPhase;
			buildActionMask = 2147483647;
			files = (
				4280C8A1280D43E500A0FB32 /* flightlog1000UITestsLaunchTests.swift in Sources */,
				4280C89F280D43E500A0FB32 /* flightlog1000UITests.swift in Sources */,
			);
			runOnlyForDeploymentPostprocessing = 0;
		};
/* End PBXSourcesBuildPhase section */

/* Begin PBXTargetDependency section */
		4280C892280D43E500A0FB32 /* PBXTargetDependency */ = {
			isa = PBXTargetDependency;
			target = 4280C879280D43E400A0FB32 /* FlightLogStats */;
			targetProxy = 4280C891280D43E500A0FB32 /* PBXContainerItemProxy */;
		};
		4280C89C280D43E500A0FB32 /* PBXTargetDependency */ = {
			isa = PBXTargetDependency;
			target = 4280C879280D43E400A0FB32 /* FlightLogStats */;
			targetProxy = 4280C89B280D43E500A0FB32 /* PBXContainerItemProxy */;
		};
/* End PBXTargetDependency section */

/* Begin PBXVariantGroup section */
		4280C883280D43E400A0FB32 /* Main.storyboard */ = {
			isa = PBXVariantGroup;
			children = (
				4280C884280D43E400A0FB32 /* Base */,
			);
			name = Main.storyboard;
			sourceTree = "<group>";
		};
		4280C888280D43E500A0FB32 /* LaunchScreen.storyboard */ = {
			isa = PBXVariantGroup;
			children = (
				4280C889280D43E500A0FB32 /* Base */,
			);
			name = LaunchScreen.storyboard;
			sourceTree = "<group>";
		};
/* End PBXVariantGroup section */

/* Begin XCBuildConfiguration section */
		4280C8A2280D43E500A0FB32 /* Debug */ = {
			isa = XCBuildConfiguration;
			buildSettings = {
				ALWAYS_SEARCH_USER_PATHS = NO;
				CLANG_ANALYZER_NONNULL = YES;
				CLANG_ANALYZER_NUMBER_OBJECT_CONVERSION = YES_AGGRESSIVE;
				CLANG_CXX_LANGUAGE_STANDARD = "gnu++17";
				CLANG_ENABLE_MODULES = YES;
				CLANG_ENABLE_OBJC_ARC = YES;
				CLANG_ENABLE_OBJC_WEAK = YES;
				CLANG_WARN_BLOCK_CAPTURE_AUTORELEASING = YES;
				CLANG_WARN_BOOL_CONVERSION = YES;
				CLANG_WARN_COMMA = YES;
				CLANG_WARN_CONSTANT_CONVERSION = YES;
				CLANG_WARN_DEPRECATED_OBJC_IMPLEMENTATIONS = YES;
				CLANG_WARN_DIRECT_OBJC_ISA_USAGE = YES_ERROR;
				CLANG_WARN_DOCUMENTATION_COMMENTS = YES;
				CLANG_WARN_EMPTY_BODY = YES;
				CLANG_WARN_ENUM_CONVERSION = YES;
				CLANG_WARN_INFINITE_RECURSION = YES;
				CLANG_WARN_INT_CONVERSION = YES;
				CLANG_WARN_NON_LITERAL_NULL_CONVERSION = YES;
				CLANG_WARN_OBJC_IMPLICIT_RETAIN_SELF = YES;
				CLANG_WARN_OBJC_LITERAL_CONVERSION = YES;
				CLANG_WARN_OBJC_ROOT_CLASS = YES_ERROR;
				CLANG_WARN_QUOTED_INCLUDE_IN_FRAMEWORK_HEADER = YES;
				CLANG_WARN_RANGE_LOOP_ANALYSIS = YES;
				CLANG_WARN_STRICT_PROTOTYPES = YES;
				CLANG_WARN_SUSPICIOUS_MOVE = YES;
				CLANG_WARN_UNGUARDED_AVAILABILITY = YES_AGGRESSIVE;
				CLANG_WARN_UNREACHABLE_CODE = YES;
				CLANG_WARN__DUPLICATE_METHOD_MATCH = YES;
				COPY_PHASE_STRIP = NO;
				DEBUG_INFORMATION_FORMAT = dwarf;
				ENABLE_STRICT_OBJC_MSGSEND = YES;
				ENABLE_TESTABILITY = YES;
				GCC_C_LANGUAGE_STANDARD = gnu11;
				GCC_DYNAMIC_NO_PIC = NO;
				GCC_NO_COMMON_BLOCKS = YES;
				GCC_OPTIMIZATION_LEVEL = 0;
				GCC_PREPROCESSOR_DEFINITIONS = (
					"DEBUG=1",
					"$(inherited)",
				);
				GCC_WARN_64_TO_32_BIT_CONVERSION = YES;
				GCC_WARN_ABOUT_RETURN_TYPE = YES_ERROR;
				GCC_WARN_UNDECLARED_SELECTOR = YES;
				GCC_WARN_UNINITIALIZED_AUTOS = YES_AGGRESSIVE;
				GCC_WARN_UNUSED_FUNCTION = YES;
				GCC_WARN_UNUSED_VARIABLE = YES;
				IPHONEOS_DEPLOYMENT_TARGET = 15.4;
				MTL_ENABLE_DEBUG_INFO = INCLUDE_SOURCE;
				MTL_FAST_MATH = YES;
				ONLY_ACTIVE_ARCH = YES;
				SDKROOT = iphoneos;
				SWIFT_ACTIVE_COMPILATION_CONDITIONS = DEBUG;
				SWIFT_OPTIMIZATION_LEVEL = "-Onone";
			};
			name = Debug;
		};
		4280C8A3280D43E500A0FB32 /* Release */ = {
			isa = XCBuildConfiguration;
			buildSettings = {
				ALWAYS_SEARCH_USER_PATHS = NO;
				CLANG_ANALYZER_NONNULL = YES;
				CLANG_ANALYZER_NUMBER_OBJECT_CONVERSION = YES_AGGRESSIVE;
				CLANG_CXX_LANGUAGE_STANDARD = "gnu++17";
				CLANG_ENABLE_MODULES = YES;
				CLANG_ENABLE_OBJC_ARC = YES;
				CLANG_ENABLE_OBJC_WEAK = YES;
				CLANG_WARN_BLOCK_CAPTURE_AUTORELEASING = YES;
				CLANG_WARN_BOOL_CONVERSION = YES;
				CLANG_WARN_COMMA = YES;
				CLANG_WARN_CONSTANT_CONVERSION = YES;
				CLANG_WARN_DEPRECATED_OBJC_IMPLEMENTATIONS = YES;
				CLANG_WARN_DIRECT_OBJC_ISA_USAGE = YES_ERROR;
				CLANG_WARN_DOCUMENTATION_COMMENTS = YES;
				CLANG_WARN_EMPTY_BODY = YES;
				CLANG_WARN_ENUM_CONVERSION = YES;
				CLANG_WARN_INFINITE_RECURSION = YES;
				CLANG_WARN_INT_CONVERSION = YES;
				CLANG_WARN_NON_LITERAL_NULL_CONVERSION = YES;
				CLANG_WARN_OBJC_IMPLICIT_RETAIN_SELF = YES;
				CLANG_WARN_OBJC_LITERAL_CONVERSION = YES;
				CLANG_WARN_OBJC_ROOT_CLASS = YES_ERROR;
				CLANG_WARN_QUOTED_INCLUDE_IN_FRAMEWORK_HEADER = YES;
				CLANG_WARN_RANGE_LOOP_ANALYSIS = YES;
				CLANG_WARN_STRICT_PROTOTYPES = YES;
				CLANG_WARN_SUSPICIOUS_MOVE = YES;
				CLANG_WARN_UNGUARDED_AVAILABILITY = YES_AGGRESSIVE;
				CLANG_WARN_UNREACHABLE_CODE = YES;
				CLANG_WARN__DUPLICATE_METHOD_MATCH = YES;
				COPY_PHASE_STRIP = NO;
				DEBUG_INFORMATION_FORMAT = "dwarf-with-dsym";
				ENABLE_NS_ASSERTIONS = NO;
				ENABLE_STRICT_OBJC_MSGSEND = YES;
				GCC_C_LANGUAGE_STANDARD = gnu11;
				GCC_NO_COMMON_BLOCKS = YES;
				GCC_WARN_64_TO_32_BIT_CONVERSION = YES;
				GCC_WARN_ABOUT_RETURN_TYPE = YES_ERROR;
				GCC_WARN_UNDECLARED_SELECTOR = YES;
				GCC_WARN_UNINITIALIZED_AUTOS = YES_AGGRESSIVE;
				GCC_WARN_UNUSED_FUNCTION = YES;
				GCC_WARN_UNUSED_VARIABLE = YES;
				IPHONEOS_DEPLOYMENT_TARGET = 15.4;
				MTL_ENABLE_DEBUG_INFO = NO;
				MTL_FAST_MATH = YES;
				SDKROOT = iphoneos;
				SWIFT_COMPILATION_MODE = wholemodule;
				SWIFT_OPTIMIZATION_LEVEL = "-O";
				VALIDATE_PRODUCT = YES;
			};
			name = Release;
		};
		4280C8A5280D43E500A0FB32 /* Debug */ = {
			isa = XCBuildConfiguration;
			buildSettings = {
				ASSETCATALOG_COMPILER_APPICON_NAME = AppIcon;
				ASSETCATALOG_COMPILER_GLOBAL_ACCENT_COLOR_NAME = AccentColor;
				CLANG_ENABLE_MODULES = YES;
				CODE_SIGN_ENTITLEMENTS = flightlogstats/FlightLogStats.entitlements;
				CODE_SIGN_STYLE = Automatic;
				CURRENT_PROJECT_VERSION = 3;
				DEVELOPMENT_TEAM = M7QSSF3624;
				GENERATE_INFOPLIST_FILE = YES;
				INFOPLIST_FILE = flightlogstats/Info.plist;
				INFOPLIST_KEY_LSApplicationCategoryType = "public.app-category.travel";
				INFOPLIST_KEY_UIApplicationSupportsIndirectInputEvents = YES;
				INFOPLIST_KEY_UILaunchStoryboardName = LaunchScreen;
				INFOPLIST_KEY_UIMainStoryboardFile = Main;
				INFOPLIST_KEY_UISupportedInterfaceOrientations_iPad = "UIInterfaceOrientationPortrait UIInterfaceOrientationPortraitUpsideDown UIInterfaceOrientationLandscapeLeft UIInterfaceOrientationLandscapeRight";
				INFOPLIST_KEY_UISupportedInterfaceOrientations_iPhone = "UIInterfaceOrientationPortrait UIInterfaceOrientationLandscapeLeft UIInterfaceOrientationLandscapeRight";
				LD_RUNPATH_SEARCH_PATHS = (
					"$(inherited)",
					"@executable_path/Frameworks",
				);
				MARKETING_VERSION = 1.0;
				PRODUCT_BUNDLE_IDENTIFIER = "net.ro-z.flightlogstats";
				PRODUCT_NAME = "$(TARGET_NAME)";
				SUPPORTS_MACCATALYST = YES;
				SWIFT_EMIT_LOC_STRINGS = YES;
				SWIFT_OBJC_BRIDGING_HEADER = "flightlogstats/FlightLogStats-Bridging-Header.h";
				SWIFT_OPTIMIZATION_LEVEL = "-Onone";
				SWIFT_VERSION = 5.0;
				TARGETED_DEVICE_FAMILY = "1,2";
			};
			name = Debug;
		};
		4280C8A6280D43E500A0FB32 /* Release */ = {
			isa = XCBuildConfiguration;
			buildSettings = {
				ASSETCATALOG_COMPILER_APPICON_NAME = AppIcon;
				ASSETCATALOG_COMPILER_GLOBAL_ACCENT_COLOR_NAME = AccentColor;
				CLANG_ENABLE_MODULES = YES;
				CODE_SIGN_ENTITLEMENTS = flightlogstats/FlightLogStats.entitlements;
				CODE_SIGN_STYLE = Automatic;
				CURRENT_PROJECT_VERSION = 3;
				DEVELOPMENT_TEAM = M7QSSF3624;
				GENERATE_INFOPLIST_FILE = YES;
				INFOPLIST_FILE = flightlogstats/Info.plist;
				INFOPLIST_KEY_LSApplicationCategoryType = "public.app-category.travel";
				INFOPLIST_KEY_UIApplicationSupportsIndirectInputEvents = YES;
				INFOPLIST_KEY_UILaunchStoryboardName = LaunchScreen;
				INFOPLIST_KEY_UIMainStoryboardFile = Main;
				INFOPLIST_KEY_UISupportedInterfaceOrientations_iPad = "UIInterfaceOrientationPortrait UIInterfaceOrientationPortraitUpsideDown UIInterfaceOrientationLandscapeLeft UIInterfaceOrientationLandscapeRight";
				INFOPLIST_KEY_UISupportedInterfaceOrientations_iPhone = "UIInterfaceOrientationPortrait UIInterfaceOrientationLandscapeLeft UIInterfaceOrientationLandscapeRight";
				LD_RUNPATH_SEARCH_PATHS = (
					"$(inherited)",
					"@executable_path/Frameworks",
				);
				MARKETING_VERSION = 1.0;
				PRODUCT_BUNDLE_IDENTIFIER = "net.ro-z.flightlogstats";
				PRODUCT_NAME = "$(TARGET_NAME)";
				SUPPORTS_MACCATALYST = YES;
				SWIFT_EMIT_LOC_STRINGS = YES;
				SWIFT_OBJC_BRIDGING_HEADER = "flightlogstats/FlightLogStats-Bridging-Header.h";
				SWIFT_VERSION = 5.0;
				TARGETED_DEVICE_FAMILY = "1,2";
			};
			name = Release;
		};
		4280C8A8280D43E500A0FB32 /* Debug */ = {
			isa = XCBuildConfiguration;
			buildSettings = {
				ALWAYS_EMBED_SWIFT_STANDARD_LIBRARIES = YES;
				BUNDLE_LOADER = "$(TEST_HOST)";
				CODE_SIGN_STYLE = Automatic;
				CURRENT_PROJECT_VERSION = 1;
				DEVELOPMENT_TEAM = M7QSSF3624;
				GENERATE_INFOPLIST_FILE = YES;
				IPHONEOS_DEPLOYMENT_TARGET = 15.4;
				MARKETING_VERSION = 1.0;
				PRODUCT_BUNDLE_IDENTIFIER = "net.ro-z.flightlogstatsTests";
				PRODUCT_NAME = "$(TARGET_NAME)";
				SWIFT_EMIT_LOC_STRINGS = NO;
				SWIFT_VERSION = 5.0;
				TARGETED_DEVICE_FAMILY = "1,2";
				TEST_HOST = "$(BUILT_PRODUCTS_DIR)/FlightLogStats.app/FlightLogStats";
			};
			name = Debug;
		};
		4280C8A9280D43E500A0FB32 /* Release */ = {
			isa = XCBuildConfiguration;
			buildSettings = {
				ALWAYS_EMBED_SWIFT_STANDARD_LIBRARIES = YES;
				BUNDLE_LOADER = "$(TEST_HOST)";
				CODE_SIGN_STYLE = Automatic;
				CURRENT_PROJECT_VERSION = 1;
				DEVELOPMENT_TEAM = M7QSSF3624;
				GENERATE_INFOPLIST_FILE = YES;
				IPHONEOS_DEPLOYMENT_TARGET = 15.4;
				MARKETING_VERSION = 1.0;
				PRODUCT_BUNDLE_IDENTIFIER = "net.ro-z.flightlogstatsTests";
				PRODUCT_NAME = "$(TARGET_NAME)";
				SWIFT_EMIT_LOC_STRINGS = NO;
				SWIFT_VERSION = 5.0;
				TARGETED_DEVICE_FAMILY = "1,2";
				TEST_HOST = "$(BUILT_PRODUCTS_DIR)/FlightLogStats.app/FlightLogStats";
			};
			name = Release;
		};
		4280C8AB280D43E500A0FB32 /* Debug */ = {
			isa = XCBuildConfiguration;
			buildSettings = {
				ALWAYS_EMBED_SWIFT_STANDARD_LIBRARIES = YES;
				CODE_SIGN_STYLE = Automatic;
				CURRENT_PROJECT_VERSION = 1;
				DEVELOPMENT_TEAM = M7QSSF3624;
				GENERATE_INFOPLIST_FILE = YES;
				MARKETING_VERSION = 1.0;
				PRODUCT_BUNDLE_IDENTIFIER = "net.ro-z.flightlogstatsUITests";
				PRODUCT_NAME = "$(TARGET_NAME)";
				SWIFT_EMIT_LOC_STRINGS = NO;
				SWIFT_VERSION = 5.0;
				TARGETED_DEVICE_FAMILY = "1,2";
				TEST_TARGET_NAME = flightlogstats;
			};
			name = Debug;
		};
		4280C8AC280D43E500A0FB32 /* Release */ = {
			isa = XCBuildConfiguration;
			buildSettings = {
				ALWAYS_EMBED_SWIFT_STANDARD_LIBRARIES = YES;
				CODE_SIGN_STYLE = Automatic;
				CURRENT_PROJECT_VERSION = 1;
				DEVELOPMENT_TEAM = M7QSSF3624;
				GENERATE_INFOPLIST_FILE = YES;
				MARKETING_VERSION = 1.0;
				PRODUCT_BUNDLE_IDENTIFIER = "net.ro-z.flightlogstatsUITests";
				PRODUCT_NAME = "$(TARGET_NAME)";
				SWIFT_EMIT_LOC_STRINGS = NO;
				SWIFT_VERSION = 5.0;
				TARGETED_DEVICE_FAMILY = "1,2";
				TEST_TARGET_NAME = flightlogstats;
			};
			name = Release;
		};
/* End XCBuildConfiguration section */

/* Begin XCConfigurationList section */
		4280C875280D43E400A0FB32 /* Build configuration list for PBXProject "flightlogstats" */ = {
			isa = XCConfigurationList;
			buildConfigurations = (
				4280C8A2280D43E500A0FB32 /* Debug */,
				4280C8A3280D43E500A0FB32 /* Release */,
			);
			defaultConfigurationIsVisible = 0;
			defaultConfigurationName = Release;
		};
		4280C8A4280D43E500A0FB32 /* Build configuration list for PBXNativeTarget "FlightLogStats" */ = {
			isa = XCConfigurationList;
			buildConfigurations = (
				4280C8A5280D43E500A0FB32 /* Debug */,
				4280C8A6280D43E500A0FB32 /* Release */,
			);
			defaultConfigurationIsVisible = 0;
			defaultConfigurationName = Release;
		};
		4280C8A7280D43E500A0FB32 /* Build configuration list for PBXNativeTarget "FlightLogStatsTests" */ = {
			isa = XCConfigurationList;
			buildConfigurations = (
				4280C8A8280D43E500A0FB32 /* Debug */,
				4280C8A9280D43E500A0FB32 /* Release */,
			);
			defaultConfigurationIsVisible = 0;
			defaultConfigurationName = Release;
		};
		4280C8AA280D43E500A0FB32 /* Build configuration list for PBXNativeTarget "FlightLogStatsUITests" */ = {
			isa = XCConfigurationList;
			buildConfigurations = (
				4280C8AB280D43E500A0FB32 /* Debug */,
				4280C8AC280D43E500A0FB32 /* Release */,
			);
			defaultConfigurationIsVisible = 0;
			defaultConfigurationName = Release;
		};
/* End XCConfigurationList section */

/* Begin XCRemoteSwiftPackageReference section */
		425D04F52832F47B0028FD67 /* XCRemoteSwiftPackageReference "rzflight" */ = {
			isa = XCRemoteSwiftPackageReference;
			repositoryURL = "https://github.com/roznet/rzflight";
			requirement = {
				kind = upToNextMajorVersion;
				minimumVersion = 1.0.3;
			};
		};
		4268A0C528357E6300A3CB05 /* XCRemoteSwiftPackageReference "KDTree" */ = {
			isa = XCRemoteSwiftPackageReference;
			repositoryURL = "https://github.com/Bersaelor/KDTree.git";
			requirement = {
				kind = upToNextMajorVersion;
				minimumVersion = 1.0.0;
			};
		};
		4280C8C9280D4AD300A0FB32 /* XCRemoteSwiftPackageReference "rzutils" */ = {
			isa = XCRemoteSwiftPackageReference;
			repositoryURL = "https://github.com/roznet/rzutils";
			requirement = {
				kind = upToNextMajorVersion;
				minimumVersion = 1.0.23;
			};
		};
		4280C8D0280D4BE400A0FB32 /* XCRemoteSwiftPackageReference "rzutils-touch" */ = {
			isa = XCRemoteSwiftPackageReference;
			repositoryURL = "https://github.com/roznet/rzutils-touch";
			requirement = {
				kind = upToNextMajorVersion;
				minimumVersion = 1.0.3;
			};
		};
		42A11E9E28E882E70031D209 /* XCRemoteSwiftPackageReference "OAuthSwift" */ = {
			isa = XCRemoteSwiftPackageReference;
			repositoryURL = "https://github.com/OAuthSwift/OAuthSwift.git";
			requirement = {
				kind = upToNextMajorVersion;
				minimumVersion = 2.0.0;
			};
		};
		42A11EA628FACD2C0031D209 /* XCRemoteSwiftPackageReference "ZIPFoundation" */ = {
			isa = XCRemoteSwiftPackageReference;
			repositoryURL = "https://github.com/weichsel/ZIPFoundation.git";
			requirement = {
				kind = upToNextMajorVersion;
				minimumVersion = 0.9.9;
			};
		};
/* End XCRemoteSwiftPackageReference section */

/* Begin XCSwiftPackageProductDependency section */
		425D04F62832F47B0028FD67 /* RZFlight */ = {
			isa = XCSwiftPackageProductDependency;
			package = 425D04F52832F47B0028FD67 /* XCRemoteSwiftPackageReference "rzflight" */;
			productName = RZFlight;
		};
		4268A0C628357E6300A3CB05 /* KDTree */ = {
			isa = XCSwiftPackageProductDependency;
			package = 4268A0C528357E6300A3CB05 /* XCRemoteSwiftPackageReference "KDTree" */;
			productName = KDTree;
		};
		4280C8CA280D4AD300A0FB32 /* RZUtils */ = {
			isa = XCSwiftPackageProductDependency;
			package = 4280C8C9280D4AD300A0FB32 /* XCRemoteSwiftPackageReference "rzutils" */;
			productName = RZUtils;
		};
		4280C8CC280D4AD300A0FB32 /* RZUtilsSwift */ = {
			isa = XCSwiftPackageProductDependency;
			package = 4280C8C9280D4AD300A0FB32 /* XCRemoteSwiftPackageReference "rzutils" */;
			productName = RZUtilsSwift;
		};
		4280C8CE280D4AD300A0FB32 /* RZUtilsUniversal */ = {
			isa = XCSwiftPackageProductDependency;
			package = 4280C8C9280D4AD300A0FB32 /* XCRemoteSwiftPackageReference "rzutils" */;
			productName = RZUtilsUniversal;
		};
		4280C8D1280D4BE400A0FB32 /* RZUtilsTouch */ = {
			isa = XCSwiftPackageProductDependency;
			package = 4280C8D0280D4BE400A0FB32 /* XCRemoteSwiftPackageReference "rzutils-touch" */;
			productName = RZUtilsTouch;
		};
		42A11E9F28E882E70031D209 /* OAuthSwift */ = {
			isa = XCSwiftPackageProductDependency;
			package = 42A11E9E28E882E70031D209 /* XCRemoteSwiftPackageReference "OAuthSwift" */;
			productName = OAuthSwift;
		};
		42A11EA728FACD2C0031D209 /* ZIPFoundation */ = {
			isa = XCSwiftPackageProductDependency;
			package = 42A11EA628FACD2C0031D209 /* XCRemoteSwiftPackageReference "ZIPFoundation" */;
			productName = ZIPFoundation;
		};
/* End XCSwiftPackageProductDependency section */

/* Begin XCVersionGroup section */
		42E13B8C2813DBD200AF38AC /* FlightLogModel.xcdatamodeld */ = {
			isa = XCVersionGroup;
			children = (
				42E13B8D2813DBD200AF38AC /* FlightLogModel.xcdatamodel */,
			);
			currentVersion = 42E13B8D2813DBD200AF38AC /* FlightLogModel.xcdatamodel */;
			name = FlightLogModel.xcdatamodeld;
			path = Source/FlightLogModel.xcdatamodeld;
			sourceTree = "<group>";
			versionGroupType = wrapper.xcdatamodel;
		};
/* End XCVersionGroup section */
	};
	rootObject = 4280C872280D43E400A0FB32 /* Project object */;
}
