{
  "pins" : [
    {
      "identity" : "fmdb",
      "kind" : "remoteSourceControl",
      "location" : "https://github.com/ccgus/fmdb",
      "state" : {
        "revision" : "61e51fde7f7aab6554f30ab061cc588b28a97d04",
        "version" : "2.7.7"
      }
    },
    {
      "identity" : "geomagnetism",
      "kind" : "remoteSourceControl",
      "location" : "https://github.com/roznet/Geomagnetism",
      "state" : {
        "revision" : "74049c87ab58b6e004342a64de2884c60b0c4734",
        "version" : "1.0.0"
      }
    },
    {
      "identity" : "kdtree",
      "kind" : "remoteSourceControl",
      "location" : "https://github.com/Bersaelor/KDTree.git",
      "state" : {
        "revision" : "490df2848e3f497bdc2edf61667f4ab669cff26e",
        "version" : "1.4.1"
      }
    },
    {
      "identity" : "rzflight",
      "kind" : "remoteSourceControl",
      "location" : "https://github.com/roznet/rzflight",
      "state" : {
        "revision" : "496d0a50843cd6daa586a6d2ca01d922e06fc82e",
        "version" : "1.0.1"
      }
    },
    {
      "identity" : "rzutils",
      "kind" : "remoteSourceControl",
      "location" : "https://github.com/roznet/rzutils",
      "state" : {
        "branch" : "master",
        "revision" : "35ee3ad1a4ebdd3066ed9b355b7514a05960e53a"
      }
    },
    {
      "identity" : "rzutils-touch",
      "kind" : "remoteSourceControl",
      "location" : "https://github.com/roznet/rzutils-touch",
      "state" : {
        "revision" : "5a396243777c14257c4e0b23c9f2229fd25252ae",
        "version" : "1.0.2"
      }
    }
  ],
  "version" : 2
}
